
Microsoft Visual Studio Solution File, Format Version 12.00
# Visual Studio Version 17
VisualStudioVersion = 17.2.32616.157
MinimumVisualStudioVersion = 10.0.40219.1
Project("{FAE04EC0-301F-11D3-BF4B-00C04F79EFBC}") = "async_await", "async_await\async_await.csproj", "{FC8F1A50-ED27-4C5C-91D8-C272DCDE0BB6}"
EndProject
Global
	GlobalSection(SolutionConfigurationPlatforms) = preSolution
		Debug|Any CPU = Debug|Any CPU
		Release|Any CPU = Release|Any CPU
	EndGlobalSection
	GlobalSection(ProjectConfigurationPlatforms) = postSolution
		{FC8F1A50-ED27-4C5C-91D8-C272DCDE0BB6}.Debug|Any CPU.ActiveCfg = Debug|Any CPU
		{FC8F1A50-ED27-4C5C-91D8-C272DCDE0BB6}.Debug|Any CPU.Build.0 = Debug|Any CPU
		{FC8F1A50-ED27-4C5C-91D8-C272DCDE0BB6}.Release|Any CPU.ActiveCfg = Release|Any CPU
		{FC8F1A50-ED27-4C5C-91D8-C272DCDE0BB6}.Release|Any CPU.Build.0 = Release|Any CPU
	EndGlobalSection
	GlobalSection(SolutionProperties) = preSolution
		HideSolutionNode = FALSE
	EndGlobalSection
	GlobalSection(ExtensibilityGlobals) = postSolution
		SolutionGuid = {BF6FC5D0-9792-42FE-9C5F-52DE95C1F1D2}
	EndGlobalSection
EndGlobal
